
Microsoft Visual Studio Solution File, Format Version 12.00
# Visual Studio Version 16
VisualStudioVersion = 16.0.32228.343
MinimumVisualStudioVersion = 10.0.40219.1
Project("{FAE04EC0-301F-11D3-BF4B-00C04F79EFBC}") = "NasaApi", "NasaApi.csproj", "{7ACA6131-EFB7-4E8F-B34B-BF9A02764B7A}"
EndProject
Global
	GlobalSection(SolutionConfigurationPlatforms) = preSolution
		Debug|Any CPU = Debug|Any CPU
		Release|Any CPU = Release|Any CPU
	EndGlobalSection
	GlobalSection(ProjectConfigurationPlatforms) = postSolution
		{7ACA6131-EFB7-4E8F-B34B-BF9A02764B7A}.Debug|Any CPU.ActiveCfg = Debug|Any CPU
		{7ACA6131-EFB7-4E8F-B34B-BF9A02764B7A}.Debug|Any CPU.Build.0 = Debug|Any CPU
		{7ACA6131-EFB7-4E8F-B34B-BF9A02764B7A}.Release|Any CPU.ActiveCfg = Release|Any CPU
		{7ACA6131-EFB7-4E8F-B34B-BF9A02764B7A}.Release|Any CPU.Build.0 = Release|Any CPU
	EndGlobalSection
	GlobalSection(SolutionProperties) = preSolution
		HideSolutionNode = FALSE
	EndGlobalSection
	GlobalSection(ExtensibilityGlobals) = postSolution
		SolutionGuid = {1E40919F-D084-4690-8476-B0B02075B537}
	EndGlobalSection
EndGlobal
